{
  "_readme": [
    "This file locks the dependencies of your project to a known state",
    "Read more about it at https://getcomposer.org/doc/01-basic-usage.md#installing-dependencies",
    "This file is @generated automatically"
  ],
  "content-hash": "8b2c2c9d2d8f8a7f5e4c3b2a1f0e9d8c7b6a5f4e3d2c1b0a9f8e7d6c5b4a3f2e1d0c",
  "packages": [],
  "packages-dev": [],
  "aliases": [],
  "minimum-stability": "stable",
  "stability-flags": [],
  "prefer-stable": true,
  "prefer-lowest": false,
  "platform": {
    "php": ">=7.4"
  },
  "platform-dev": [],
  "plugin-api-version": "2.3.0"
}
